
Microsoft Visual Studio Solution File, Format Version 12.00
# Visual Studio 15
VisualStudioVersion = 15.0.26730.12
MinimumVisualStudioVersion = 10.0.40219.1
Project("{FAE04EC0-301F-11D3-BF4B-00C04F79EFBC}") = "UWPSoundBoard", "UWPSoundBoard\UWPSoundBoard.csproj", "{FF24A82A-5D49-4332-9FAE-E4D2A77D4320}"
EndProject
Global
	GlobalSection(SolutionConfigurationPlatforms) = preSolution
		Debug|ARM = Debug|ARM
		Debug|x64 = Debug|x64
		Debug|x86 = Debug|x86
		Release|ARM = Release|ARM
		Release|x64 = Release|x64
		Release|x86 = Release|x86
	EndGlobalSection
	GlobalSection(ProjectConfigurationPlatforms) = postSolution
		{FF24A82A-5D49-4332-9FAE-E4D2A77D4320}.Debug|ARM.ActiveCfg = Debug|ARM
		{FF24A82A-5D49-4332-9FAE-E4D2A77D4320}.Debug|ARM.Build.0 = Debug|ARM
		{FF24A82A-5D49-4332-9FAE-E4D2A77D4320}.Debug|ARM.Deploy.0 = Debug|ARM
		{FF24A82A-5D49-4332-9FAE-E4D2A77D4320}.Debug|x64.ActiveCfg = Debug|x64
		{FF24A82A-5D49-4332-9FAE-E4D2A77D4320}.Debug|x64.Build.0 = Debug|x64
		{FF24A82A-5D49-4332-9FAE-E4D2A77D4320}.Debug|x64.Deploy.0 = Debug|x64
		{FF24A82A-5D49-4332-9FAE-E4D2A77D4320}.Debug|x86.ActiveCfg = Debug|x86
		{FF24A82A-5D49-4332-9FAE-E4D2A77D4320}.Debug|x86.Build.0 = Debug|x86
		{FF24A82A-5D49-4332-9FAE-E4D2A77D4320}.Debug|x86.Deploy.0 = Debug|x86
		{FF24A82A-5D49-4332-9FAE-E4D2A77D4320}.Release|ARM.ActiveCfg = Release|ARM
		{FF24A82A-5D49-4332-9FAE-E4D2A77D4320}.Release|ARM.Build.0 = Release|ARM
		{FF24A82A-5D49-4332-9FAE-E4D2A77D4320}.Release|ARM.Deploy.0 = Release|ARM
		{FF24A82A-5D49-4332-9FAE-E4D2A77D4320}.Release|x64.ActiveCfg = Release|x64
		{FF24A82A-5D49-4332-9FAE-E4D2A77D4320}.Release|x64.Build.0 = Release|x64
		{FF24A82A-5D49-4332-9FAE-E4D2A77D4320}.Release|x64.Deploy.0 = Release|x64
		{FF24A82A-5D49-4332-9FAE-E4D2A77D4320}.Release|x86.ActiveCfg = Release|x86
		{FF24A82A-5D49-4332-9FAE-E4D2A77D4320}.Release|x86.Build.0 = Release|x86
		{FF24A82A-5D49-4332-9FAE-E4D2A77D4320}.Release|x86.Deploy.0 = Release|x86
	EndGlobalSection
	GlobalSection(SolutionProperties) = preSolution
		HideSolutionNode = FALSE
	EndGlobalSection
	GlobalSection(ExtensibilityGlobals) = postSolution
		SolutionGuid = {FD33B39A-A16B-4DE3-9D76-87DFF7FACC04}
	EndGlobalSection
EndGlobal
